
Microsoft Visual Studio Solution File, Format Version 12.00
# Visual Studio Version 16
VisualStudioVersion = 16.0.30523.141
MinimumVisualStudioVersion = 10.0.40219.1
Project("{8BC9CEB8-8B4A-11D0-8D11-00A0C91BC942}") = "SVD", "SVD\SVD.vcxproj", "{639CF9C7-DDE6-4FEC-82A3-E202A5732C64}"
EndProject
Global
	GlobalSection(SolutionConfigurationPlatforms) = preSolution
		Debug|x64 = Debug|x64
		Debug|x86 = Debug|x86
		Release|x64 = Release|x64
		Release|x86 = Release|x86
	EndGlobalSection
	GlobalSection(ProjectConfigurationPlatforms) = postSolution
		{639CF9C7-DDE6-4FEC-82A3-E202A5732C64}.Debug|x64.ActiveCfg = Debug|x64
		{639CF9C7-DDE6-4FEC-82A3-E202A5732C64}.Debug|x64.Build.0 = Debug|x64
		{639CF9C7-DDE6-4FEC-82A3-E202A5732C64}.Debug|x86.ActiveCfg = Debug|Win32
		{639CF9C7-DDE6-4FEC-82A3-E202A5732C64}.Debug|x86.Build.0 = Debug|Win32
		{639CF9C7-DDE6-4FEC-82A3-E202A5732C64}.Release|x64.ActiveCfg = Release|x64
		{639CF9C7-DDE6-4FEC-82A3-E202A5732C64}.Release|x64.Build.0 = Release|x64
		{639CF9C7-DDE6-4FEC-82A3-E202A5732C64}.Release|x86.ActiveCfg = Release|Win32
		{639CF9C7-DDE6-4FEC-82A3-E202A5732C64}.Release|x86.Build.0 = Release|Win32
	EndGlobalSection
	GlobalSection(SolutionProperties) = preSolution
		HideSolutionNode = FALSE
	EndGlobalSection
	GlobalSection(ExtensibilityGlobals) = postSolution
		SolutionGuid = {67E560C0-0EC8-48BE-B5F7-E45CD7E4B393}
	EndGlobalSection
EndGlobal
