
Microsoft Visual Studio Solution File, Format Version 12.00
# Visual Studio 15
VisualStudioVersion = 15.0.28307.1705
MinimumVisualStudioVersion = 10.0.40219.1
Project("{8BC9CEB8-8B4A-11D0-8D11-00A0C91BC942}") = "FEMProject4", "FEMProject4\FEMProject4.vcxproj", "{067C93CA-91FD-4A9F-A5D9-3EE4C28CDECF}"
EndProject
Global
	GlobalSection(SolutionConfigurationPlatforms) = preSolution
		Debug|x64 = Debug|x64
		Debug|x86 = Debug|x86
		Release|x64 = Release|x64
		Release|x86 = Release|x86
	EndGlobalSection
	GlobalSection(ProjectConfigurationPlatforms) = postSolution
		{067C93CA-91FD-4A9F-A5D9-3EE4C28CDECF}.Debug|x64.ActiveCfg = Debug|x64
		{067C93CA-91FD-4A9F-A5D9-3EE4C28CDECF}.Debug|x64.Build.0 = Debug|x64
		{067C93CA-91FD-4A9F-A5D9-3EE4C28CDECF}.Debug|x86.ActiveCfg = Debug|Win32
		{067C93CA-91FD-4A9F-A5D9-3EE4C28CDECF}.Debug|x86.Build.0 = Debug|Win32
		{067C93CA-91FD-4A9F-A5D9-3EE4C28CDECF}.Release|x64.ActiveCfg = Release|x64
		{067C93CA-91FD-4A9F-A5D9-3EE4C28CDECF}.Release|x64.Build.0 = Release|x64
		{067C93CA-91FD-4A9F-A5D9-3EE4C28CDECF}.Release|x86.ActiveCfg = Release|Win32
		{067C93CA-91FD-4A9F-A5D9-3EE4C28CDECF}.Release|x86.Build.0 = Release|Win32
	EndGlobalSection
	GlobalSection(SolutionProperties) = preSolution
		HideSolutionNode = FALSE
	EndGlobalSection
	GlobalSection(ExtensibilityGlobals) = postSolution
		SolutionGuid = {9D64DB68-B462-4B3C-BECF-F00FD3EFB59F}
	EndGlobalSection
EndGlobal
