
Microsoft Visual Studio Solution File, Format Version 12.00
# Visual Studio Version 16
VisualStudioVersion = 16.0.31005.135
MinimumVisualStudioVersion = 10.0.40219.1
Project("{8BC9CEB8-8B4A-11D0-8D11-00A0C91BC942}") = "FEMproject1", "FEMproject1\FEMproject1.vcxproj", "{96488943-0C8A-47AF-981A-7C2AEA0629EF}"
EndProject
Global
	GlobalSection(SolutionConfigurationPlatforms) = preSolution
		Debug|x64 = Debug|x64
		Debug|x86 = Debug|x86
		Release|x64 = Release|x64
		Release|x86 = Release|x86
	EndGlobalSection
	GlobalSection(ProjectConfigurationPlatforms) = postSolution
		{96488943-0C8A-47AF-981A-7C2AEA0629EF}.Debug|x64.ActiveCfg = Debug|x64
		{96488943-0C8A-47AF-981A-7C2AEA0629EF}.Debug|x64.Build.0 = Debug|x64
		{96488943-0C8A-47AF-981A-7C2AEA0629EF}.Debug|x86.ActiveCfg = Debug|Win32
		{96488943-0C8A-47AF-981A-7C2AEA0629EF}.Debug|x86.Build.0 = Debug|Win32
		{96488943-0C8A-47AF-981A-7C2AEA0629EF}.Release|x64.ActiveCfg = Release|x64
		{96488943-0C8A-47AF-981A-7C2AEA0629EF}.Release|x64.Build.0 = Release|x64
		{96488943-0C8A-47AF-981A-7C2AEA0629EF}.Release|x86.ActiveCfg = Release|Win32
		{96488943-0C8A-47AF-981A-7C2AEA0629EF}.Release|x86.Build.0 = Release|Win32
	EndGlobalSection
	GlobalSection(SolutionProperties) = preSolution
		HideSolutionNode = FALSE
	EndGlobalSection
	GlobalSection(ExtensibilityGlobals) = postSolution
		SolutionGuid = {FE838142-BEC0-41D0-A197-87C117300A0B}
	EndGlobalSection
EndGlobal
